
Microsoft Visual Studio Solution File, Format Version 12.00
# Visual Studio Version 17
VisualStudioVersion = 17.5.002.0
MinimumVisualStudioVersion = 10.0.40219.1
Project("{9A19103F-16F7-4668-BE54-9A1E7A4F7556}") = "API", "API.csproj", "{2AFC537A-94BD-4E3E-9D64-2539D8E89EC4}"
EndProject
Global
	GlobalSection(SolutionConfigurationPlatforms) = preSolution
		Debug|Any CPU = Debug|Any CPU
		Release|Any CPU = Release|Any CPU
	EndGlobalSection
	GlobalSection(ProjectConfigurationPlatforms) = postSolution
		{2AFC537A-94BD-4E3E-9D64-2539D8E89EC4}.Debug|Any CPU.ActiveCfg = Debug|Any CPU
		{2AFC537A-94BD-4E3E-9D64-2539D8E89EC4}.Debug|Any CPU.Build.0 = Debug|Any CPU
		{2AFC537A-94BD-4E3E-9D64-2539D8E89EC4}.Release|Any CPU.ActiveCfg = Release|Any CPU
		{2AFC537A-94BD-4E3E-9D64-2539D8E89EC4}.Release|Any CPU.Build.0 = Release|Any CPU
	EndGlobalSection
	GlobalSection(SolutionProperties) = preSolution
		HideSolutionNode = FALSE
	EndGlobalSection
	GlobalSection(ExtensibilityGlobals) = postSolution
		SolutionGuid = {95704B21-D82F-4A96-9694-BA9D56901AA2}
	EndGlobalSection
EndGlobal
